
Microsoft Visual Studio Solution File, Format Version 12.00
Project("{2150E333-8FDC-42A3-9474-1A3956D46DE8}") = "other", "other", "{89FAD995-512B-4A12-8F16-07BCEAAC8E46}"
	ProjectSection(SolutionItems) = preProject
		.gitignore = .gitignore
		Dockerfile = Dockerfile
	EndProjectSection
EndProject
Project("{FAE04EC0-301F-11D3-BF4B-00C04F79EFBC}") = "ShardingStorage.Client", "ShardingStorage.Client\ShardingStorage.Client.csproj", "{75E69C98-D25A-4333-BE00-587A18076F97}"
EndProject
Project("{FAE04EC0-301F-11D3-BF4B-00C04F79EFBC}") = "ShardingStorage.Client.Grpc", "ShardingStorage.Client.Grpc\ShardingStorage.Client.Grpc.csproj", "{413DC46E-994B-45EA-948C-4F269FF9FFD5}"
EndProject
Global
	GlobalSection(SolutionConfigurationPlatforms) = preSolution
		Debug|Any CPU = Debug|Any CPU
		Release|Any CPU = Release|Any CPU
	EndGlobalSection
	GlobalSection(ProjectConfigurationPlatforms) = postSolution
		{75E69C98-D25A-4333-BE00-587A18076F97}.Debug|Any CPU.ActiveCfg = Debug|Any CPU
		{75E69C98-D25A-4333-BE00-587A18076F97}.Debug|Any CPU.Build.0 = Debug|Any CPU
		{75E69C98-D25A-4333-BE00-587A18076F97}.Release|Any CPU.ActiveCfg = Release|Any CPU
		{75E69C98-D25A-4333-BE00-587A18076F97}.Release|Any CPU.Build.0 = Release|Any CPU
		{413DC46E-994B-45EA-948C-4F269FF9FFD5}.Debug|Any CPU.ActiveCfg = Debug|Any CPU
		{413DC46E-994B-45EA-948C-4F269FF9FFD5}.Debug|Any CPU.Build.0 = Debug|Any CPU
		{413DC46E-994B-45EA-948C-4F269FF9FFD5}.Release|Any CPU.ActiveCfg = Release|Any CPU
		{413DC46E-994B-45EA-948C-4F269FF9FFD5}.Release|Any CPU.Build.0 = Release|Any CPU
	EndGlobalSection
EndGlobal
