
Microsoft Visual Studio Solution File, Format Version 12.00
Project("{FAE04EC0-301F-11D3-BF4B-00C04F79EFBC}") = "ShardingStorage.Orders.WebApi", "ShardingStorage.Orders.WebApi\ShardingStorage.Orders.WebApi.csproj", "{31FF3513-09EA-4626-B166-D0AAAB74D63D}"
EndProject
Project("{FAE04EC0-301F-11D3-BF4B-00C04F79EFBC}") = "ShardingStorage.Orders.RateLimeter.Client", "ShardingStorage.Orders.RateLimeter.Client\ShardingStorage.Orders.RateLimeter.Client.csproj", "{BA52F7F5-EB67-4744-B7A4-45BD28D1B55A}"
EndProject
Global
	GlobalSection(SolutionConfigurationPlatforms) = preSolution
		Debug|Any CPU = Debug|Any CPU
		Release|Any CPU = Release|Any CPU
	EndGlobalSection
	GlobalSection(ProjectConfigurationPlatforms) = postSolution
		{31FF3513-09EA-4626-B166-D0AAAB74D63D}.Debug|Any CPU.ActiveCfg = Debug|Any CPU
		{31FF3513-09EA-4626-B166-D0AAAB74D63D}.Debug|Any CPU.Build.0 = Debug|Any CPU
		{31FF3513-09EA-4626-B166-D0AAAB74D63D}.Release|Any CPU.ActiveCfg = Release|Any CPU
		{31FF3513-09EA-4626-B166-D0AAAB74D63D}.Release|Any CPU.Build.0 = Release|Any CPU
		{BA52F7F5-EB67-4744-B7A4-45BD28D1B55A}.Debug|Any CPU.ActiveCfg = Debug|Any CPU
		{BA52F7F5-EB67-4744-B7A4-45BD28D1B55A}.Debug|Any CPU.Build.0 = Debug|Any CPU
		{BA52F7F5-EB67-4744-B7A4-45BD28D1B55A}.Release|Any CPU.ActiveCfg = Release|Any CPU
		{BA52F7F5-EB67-4744-B7A4-45BD28D1B55A}.Release|Any CPU.Build.0 = Release|Any CPU
	EndGlobalSection
EndGlobal
